// !$*UTF8*$!
{
	archiveVersion = 1;
	classes = {
	};
	objectVersion = 50;
	objects = {

/* Begin PBXBuildFile section */
		CB21F9C32090E50300883572 /* AppDelegate.swift in Sources */ = {isa = PBXBuildFile; fileRef = CB21F9C22090E50300883572 /* AppDelegate.swift */; };
		CB21F9C52090E50300883572 /* ToDoVC.swift in Sources */ = {isa = PBXBuildFile; fileRef = CB21F9C42090E50300883572 /* ToDoVC.swift */; };
		CB21F9C82090E50300883572 /* Main.storyboard in Resources */ = {isa = PBXBuildFile; fileRef = CB21F9C62090E50300883572 /* Main.storyboard */; };
		CB21F9CA2090E50600883572 /* Assets.xcassets in Resources */ = {isa = PBXBuildFile; fileRef = CB21F9C92090E50600883572 /* Assets.xcassets */; };
		CB21F9CD2090E50600883572 /* LaunchScreen.storyboard in Resources */ = {isa = PBXBuildFile; fileRef = CB21F9CB2090E50600883572 /* LaunchScreen.storyboard */; };
		CB2C1979209752BC007DA018 /* StartVC.swift in Sources */ = {isa = PBXBuildFile; fileRef = CB2C1978209752BC007DA018 /* StartVC.swift */; };
		CB2C197B2099D7EA007DA018 /* Item.swift in Sources */ = {isa = PBXBuildFile; fileRef = CB2C197A2099D7EA007DA018 /* Item.swift */; };
		CB2C197D2099EACF007DA018 /* Category.swift in Sources */ = {isa = PBXBuildFile; fileRef = CB2C197C2099EACF007DA018 /* Category.swift */; };
		CBF71BC220922DEB00A3F28A /* CategoryVC.swift in Sources */ = {isa = PBXBuildFile; fileRef = CBF71BC120922DEB00A3F28A /* CategoryVC.swift */; };
		E3E5904D3E2982AF2B52A69F /* Pods_ToDoList.framework in Frameworks */ = {isa = PBXBuildFile; fileRef = 0DDD111744F329E25B825259 /* Pods_ToDoList.framework */; };
/* End PBXBuildFile section */

/* Begin PBXFileReference section */
		0DDD111744F329E25B825259 /* Pods_ToDoList.framework */ = {isa = PBXFileReference; explicitFileType = wrapper.framework; includeInIndex = 0; path = Pods_ToDoList.framework; sourceTree = BUILT_PRODUCTS_DIR; };
		CB21F9BF2090E50300883572 /* ToDoList.app */ = {isa = PBXFileReference; explicitFileType = wrapper.application; includeInIndex = 0; path = ToDoList.app; sourceTree = BUILT_PRODUCTS_DIR; };
		CB21F9C22090E50300883572 /* AppDelegate.swift */ = {isa = PBXFileReference; lastKnownFileType = sourcecode.swift; path = AppDelegate.swift; sourceTree = "<group>"; };
		CB21F9C42090E50300883572 /* ToDoVC.swift */ = {isa = PBXFileReference; lastKnownFileType = sourcecode.swift; path = ToDoVC.swift; sourceTree = "<group>"; };
		CB21F9C72090E50300883572 /* Base */ = {isa = PBXFileReference; lastKnownFileType = file.storyboard; name = Base; path = Base.lproj/Main.storyboard; sourceTree = "<group>"; };
		CB21F9C92090E50600883572 /* Assets.xcassets */ = {isa = PBXFileReference; lastKnownFileType = folder.assetcatalog; path = Assets.xcassets; sourceTree = "<group>"; };
		CB21F9CC2090E50600883572 /* Base */ = {isa = PBXFileReference; lastKnownFileType = file.storyboard; name = Base; path = Base.lproj/LaunchScreen.storyboard; sourceTree = "<group>"; };
		CB21F9CE2090E50600883572 /* Info.plist */ = {isa = PBXFileReference; lastKnownFileType = text.plist.xml; path = Info.plist; sourceTree = "<group>"; };
		CB2C1978209752BC007DA018 /* StartVC.swift */ = {isa = PBXFileReference; lastKnownFileType = sourcecode.swift; path = StartVC.swift; sourceTree = "<group>"; };
		CB2C197A2099D7EA007DA018 /* Item.swift */ = {isa = PBXFileReference; lastKnownFileType = sourcecode.swift; path = Item.swift; sourceTree = "<group>"; };
		CB2C197C2099EACF007DA018 /* Category.swift */ = {isa = PBXFileReference; lastKnownFileType = sourcecode.swift; path = Category.swift; sourceTree = "<group>"; };
		CBF71BC120922DEB00A3F28A /* CategoryVC.swift */ = {isa = PBXFileReference; lastKnownFileType = sourcecode.swift; path = CategoryVC.swift; sourceTree = "<group>"; };
		DA450290ECA764D9D4405C9F /* Pods-ToDoList.debug.xcconfig */ = {isa = PBXFileReference; includeInIndex = 1; lastKnownFileType = text.xcconfig; name = "Pods-ToDoList.debug.xcconfig"; path = "Pods/Target Support Files/Pods-ToDoList/Pods-ToDoList.debug.xcconfig"; sourceTree = "<group>"; };
		EEAF912208C4303350EC8D67 /* Pods-ToDoList.release.xcconfig */ = {isa = PBXFileReference; includeInIndex = 1; lastKnownFileType = text.xcconfig; name = "Pods-ToDoList.release.xcconfig"; path = "Pods/Target Support Files/Pods-ToDoList/Pods-ToDoList.release.xcconfig"; sourceTree = "<group>"; };
/* End PBXFileReference section */

/* Begin PBXFrameworksBuildPhase section */
		CB21F9BC2090E50300883572 /* Frameworks */ = {
			isa = PBXFrameworksBuildPhase;
			buildActionMask = 2147483647;
			files = (
				E3E5904D3E2982AF2B52A69F /* Pods_ToDoList.framework in Frameworks */,
			);
			runOnlyForDeploymentPostprocessing = 0;
		};
/* End PBXFrameworksBuildPhase section */

/* Begin PBXGroup section */
		37979E9A5D094DDBFC98AA70 /* Pods */ = {
			isa = PBXGroup;
			children = (
				DA450290ECA764D9D4405C9F /* Pods-ToDoList.debug.xcconfig */,
				EEAF912208C4303350EC8D67 /* Pods-ToDoList.release.xcconfig */,
			);
			name = Pods;
			sourceTree = "<group>";
		};
		CB21F9B62090E50300883572 = {
			isa = PBXGroup;
			children = (
				CB21F9C12090E50300883572 /* ToDoList */,
				CB21F9C02090E50300883572 /* Products */,
				37979E9A5D094DDBFC98AA70 /* Pods */,
				EB3914D56188A3181475ABC7 /* Frameworks */,
			);
			sourceTree = "<group>";
		};
		CB21F9C02090E50300883572 /* Products */ = {
			isa = PBXGroup;
			children = (
				CB21F9BF2090E50300883572 /* ToDoList.app */,
			);
			name = Products;
			sourceTree = "<group>";
		};
		CB21F9C12090E50300883572 /* ToDoList */ = {
			isa = PBXGroup;
			children = (
				CB21F9CE2090E50600883572 /* Info.plist */,
				CB21F9C22090E50300883572 /* AppDelegate.swift */,
				CB21F9D72090E57100883572 /* Model */,
				CB21F9D52090E55900883572 /* Controller */,
				CB21F9D42090E55300883572 /* View */,
				CB21F9D62090E56900883572 /* Support */,
			);
			path = ToDoList;
			sourceTree = "<group>";
		};
		CB21F9D42090E55300883572 /* View */ = {
			isa = PBXGroup;
			children = (
				CB21F9C62090E50300883572 /* Main.storyboard */,
				CB21F9CB2090E50600883572 /* LaunchScreen.storyboard */,
			);
			path = View;
			sourceTree = "<group>";
		};
		CB21F9D52090E55900883572 /* Controller */ = {
			isa = PBXGroup;
			children = (
				CB2C1978209752BC007DA018 /* StartVC.swift */,
				CBF71BC120922DEB00A3F28A /* CategoryVC.swift */,
				CB21F9C42090E50300883572 /* ToDoVC.swift */,
			);
			path = Controller;
			sourceTree = "<group>";
		};
		CB21F9D62090E56900883572 /* Support */ = {
			isa = PBXGroup;
			children = (
				CB21F9C92090E50600883572 /* Assets.xcassets */,
			);
			path = Support;
			sourceTree = "<group>";
		};
		CB21F9D72090E57100883572 /* Model */ = {
			isa = PBXGroup;
			children = (
				CB2C197C2099EACF007DA018 /* Category.swift */,
				CB2C197A2099D7EA007DA018 /* Item.swift */,
			);
			path = Model;
			sourceTree = "<group>";
		};
		EB3914D56188A3181475ABC7 /* Frameworks */ = {
			isa = PBXGroup;
			children = (
				0DDD111744F329E25B825259 /* Pods_ToDoList.framework */,
			);
			name = Frameworks;
			sourceTree = "<group>";
		};
/* End PBXGroup section */

/* Begin PBXNativeTarget section */
		CB21F9BE2090E50300883572 /* ToDoList */ = {
			isa = PBXNativeTarget;
			buildConfigurationList = CB21F9D12090E50600883572 /* Build configuration list for PBXNativeTarget "ToDoList" */;
			buildPhases = (
				80721E033B96EF354453D911 /* [CP] Check Pods Manifest.lock */,
				CB21F9BB2090E50300883572 /* Sources */,
				CB21F9BC2090E50300883572 /* Frameworks */,
				CB21F9BD2090E50300883572 /* Resources */,
				8B77383680F6F229014C73F8 /* [CP] Embed Pods Frameworks */,
			);
			buildRules = (
			);
			dependencies = (
			);
			name = ToDoList;
			productName = ToDoList;
			productReference = CB21F9BF2090E50300883572 /* ToDoList.app */;
			productType = "com.apple.product-type.application";
		};
/* End PBXNativeTarget section */

/* Begin PBXProject section */
		CB21F9B72090E50300883572 /* Project object */ = {
			isa = PBXProject;
			attributes = {
				LastSwiftUpdateCheck = 0930;
				LastUpgradeCheck = 0930;
				ORGANIZATIONNAME = "Gabriel Lorincz";
				TargetAttributes = {
					CB21F9BE2090E50300883572 = {
						CreatedOnToolsVersion = 9.3;
					};
				};
			};
			buildConfigurationList = CB21F9BA2090E50300883572 /* Build configuration list for PBXProject "ToDoList" */;
			compatibilityVersion = "Xcode 9.3";
			developmentRegion = en;
			hasScannedForEncodings = 0;
			knownRegions = (
				en,
				Base,
			);
			mainGroup = CB21F9B62090E50300883572;
			productRefGroup = CB21F9C02090E50300883572 /* Products */;
			projectDirPath = "";
			projectRoot = "";
			targets = (
				CB21F9BE2090E50300883572 /* ToDoList */,
			);
		};
/* End PBXProject section */

/* Begin PBXResourcesBuildPhase section */
		CB21F9BD2090E50300883572 /* Resources */ = {
			isa = PBXResourcesBuildPhase;
			buildActionMask = 2147483647;
			files = (
				CB21F9CD2090E50600883572 /* LaunchScreen.storyboard in Resources */,
				CB21F9CA2090E50600883572 /* Assets.xcassets in Resources */,
				CB21F9C82090E50300883572 /* Main.storyboard in Resources */,
			);
			runOnlyForDeploymentPostprocessing = 0;
		};
/* End PBXResourcesBuildPhase section */

/* Begin PBXShellScriptBuildPhase section */
		80721E033B96EF354453D911 /* [CP] Check Pods Manifest.lock */ = {
			isa = PBXShellScriptBuildPhase;
			buildActionMask = 2147483647;
			files = (
			);
			inputPaths = (
				"${PODS_PODFILE_DIR_PATH}/Podfile.lock",
				"${PODS_ROOT}/Manifest.lock",
			);
			name = "[CP] Check Pods Manifest.lock";
			outputPaths = (
				"$(DERIVED_FILE_DIR)/Pods-ToDoList-checkManifestLockResult.txt",
			);
			runOnlyForDeploymentPostprocessing = 0;
			shellPath = /bin/sh;
			shellScript = "diff \"${PODS_PODFILE_DIR_PATH}/Podfile.lock\" \"${PODS_ROOT}/Manifest.lock\" > /dev/null\nif [ $? != 0 ] ; then\n    # print error to STDERR\n    echo \"error: The sandbox is not in sync with the Podfile.lock. Run 'pod install' or update your CocoaPods installation.\" >&2\n    exit 1\nfi\n# This output is used by Xcode 'outputs' to avoid re-running this script phase.\necho \"SUCCESS\" > \"${SCRIPT_OUTPUT_FILE_0}\"\n";
			showEnvVarsInLog = 0;
		};
		8B77383680F6F229014C73F8 /* [CP] Embed Pods Frameworks */ = {
			isa = PBXShellScriptBuildPhase;
			buildActionMask = 2147483647;
			files = (
			);
			inputPaths = (
				"${SRCROOT}/Pods/Target Support Files/Pods-ToDoList/Pods-ToDoList-frameworks.sh",
				"${BUILT_PRODUCTS_DIR}/Realm/Realm.framework",
				"${BUILT_PRODUCTS_DIR}/RealmSwift/RealmSwift.framework",
				"${BUILT_PRODUCTS_DIR}/StarWars/StarWars.framework",
				"${BUILT_PRODUCTS_DIR}/SwipeCellKit/SwipeCellKit.framework",
			);
			name = "[CP] Embed Pods Frameworks";
			outputPaths = (
				"${TARGET_BUILD_DIR}/${FRAMEWORKS_FOLDER_PATH}/Realm.framework",
				"${TARGET_BUILD_DIR}/${FRAMEWORKS_FOLDER_PATH}/RealmSwift.framework",
				"${TARGET_BUILD_DIR}/${FRAMEWORKS_FOLDER_PATH}/StarWars.framework",
				"${TARGET_BUILD_DIR}/${FRAMEWORKS_FOLDER_PATH}/SwipeCellKit.framework",
			);
			runOnlyForDeploymentPostprocessing = 0;
			shellPath = /bin/sh;
			shellScript = "\"${SRCROOT}/Pods/Target Support Files/Pods-ToDoList/Pods-ToDoList-frameworks.sh\"\n";
			showEnvVarsInLog = 0;
		};
/* End PBXShellScriptBuildPhase section */

/* Begin PBXSourcesBuildPhase section */
		CB21F9BB2090E50300883572 /* Sources */ = {
			isa = PBXSourcesBuildPhase;
			buildActionMask = 2147483647;
			files = (
				CB2C1979209752BC007DA018 /* StartVC.swift in Sources */,
				CB2C197B2099D7EA007DA018 /* Item.swift in Sources */,
				CB21F9C52090E50300883572 /* ToDoVC.swift in Sources */,
				CBF71BC220922DEB00A3F28A /* CategoryVC.swift in Sources */,
				CB21F9C32090E50300883572 /* AppDelegate.swift in Sources */,
				CB2C197D2099EACF007DA018 /* Category.swift in Sources */,
			);
			runOnlyForDeploymentPostprocessing = 0;
		};
/* End PBXSourcesBuildPhase section */

/* Begin PBXVariantGroup section */
		CB21F9C62090E50300883572 /* Main.storyboard */ = {
			isa = PBXVariantGroup;
			children = (
				CB21F9C72090E50300883572 /* Base */,
			);
			name = Main.storyboard;
			sourceTree = "<group>";
		};
		CB21F9CB2090E50600883572 /* LaunchScreen.storyboard */ = {
			isa = PBXVariantGroup;
			children = (
				CB21F9CC2090E50600883572 /* Base */,
			);
			name = LaunchScreen.storyboard;
			sourceTree = "<group>";
		};
/* End PBXVariantGroup section */

/* Begin XCBuildConfiguration section */
		CB21F9CF2090E50600883572 /* Debug */ = {
			isa = XCBuildConfiguration;
			buildSettings = {
				ALWAYS_SEARCH_USER_PATHS = NO;
				CLANG_ANALYZER_NONNULL = YES;
				CLANG_ANALYZER_NUMBER_OBJECT_CONVERSION = YES_AGGRESSIVE;
				CLANG_CXX_LANGUAGE_STANDARD = "gnu++14";
				CLANG_CXX_LIBRARY = "libc++";
				CLANG_ENABLE_MODULES = YES;
				CLANG_ENABLE_OBJC_ARC = YES;
				CLANG_ENABLE_OBJC_WEAK = YES;
				CLANG_WARN_BLOCK_CAPTURE_AUTORELEASING = YES;
				CLANG_WARN_BOOL_CONVERSION = YES;
				CLANG_WARN_COMMA = YES;
				CLANG_WARN_CONSTANT_CONVERSION = YES;
				CLANG_WARN_DEPRECATED_OBJC_IMPLEMENTATIONS = YES;
				CLANG_WARN_DIRECT_OBJC_ISA_USAGE = YES_ERROR;
				CLANG_WARN_DOCUMENTATION_COMMENTS = YES;
				CLANG_WARN_EMPTY_BODY = YES;
				CLANG_WARN_ENUM_CONVERSION = YES;
				CLANG_WARN_INFINITE_RECURSION = YES;
				CLANG_WARN_INT_CONVERSION = YES;
				CLANG_WARN_NON_LITERAL_NULL_CONVERSION = YES;
				CLANG_WARN_OBJC_IMPLICIT_RETAIN_SELF = YES;
				CLANG_WARN_OBJC_LITERAL_CONVERSION = YES;
				CLANG_WARN_OBJC_ROOT_CLASS = YES_ERROR;
				CLANG_WARN_RANGE_LOOP_ANALYSIS = YES;
				CLANG_WARN_STRICT_PROTOTYPES = YES;
				CLANG_WARN_SUSPICIOUS_MOVE = YES;
				CLANG_WARN_UNGUARDED_AVAILABILITY = YES_AGGRESSIVE;
				CLANG_WARN_UNREACHABLE_CODE = YES;
				CLANG_WARN__DUPLICATE_METHOD_MATCH = YES;
				CODE_SIGN_IDENTITY = "iPhone Developer";
				COPY_PHASE_STRIP = NO;
				DEBUG_INFORMATION_FORMAT = dwarf;
				ENABLE_STRICT_OBJC_MSGSEND = YES;
				ENABLE_TESTABILITY = YES;
				GCC_C_LANGUAGE_STANDARD = gnu11;
				GCC_DYNAMIC_NO_PIC = NO;
				GCC_NO_COMMON_BLOCKS = YES;
				GCC_OPTIMIZATION_LEVEL = 0;
				GCC_PREPROCESSOR_DEFINITIONS = (
					"DEBUG=1",
					"$(inherited)",
				);
				GCC_WARN_64_TO_32_BIT_CONVERSION = YES;
				GCC_WARN_ABOUT_RETURN_TYPE = YES_ERROR;
				GCC_WARN_UNDECLARED_SELECTOR = YES;
				GCC_WARN_UNINITIALIZED_AUTOS = YES_AGGRESSIVE;
				GCC_WARN_UNUSED_FUNCTION = YES;
				GCC_WARN_UNUSED_VARIABLE = YES;
				IPHONEOS_DEPLOYMENT_TARGET = 11.3;
				MTL_ENABLE_DEBUG_INFO = YES;
				ONLY_ACTIVE_ARCH = YES;
				SDKROOT = iphoneos;
				SWIFT_ACTIVE_COMPILATION_CONDITIONS = DEBUG;
				SWIFT_OPTIMIZATION_LEVEL = "-Onone";
			};
			name = Debug;
		};
		CB21F9D02090E50600883572 /* Release */ = {
			isa = XCBuildConfiguration;
			buildSettings = {
				ALWAYS_SEARCH_USER_PATHS = NO;
				CLANG_ANALYZER_NONNULL = YES;
				CLANG_ANALYZER_NUMBER_OBJECT_CONVERSION = YES_AGGRESSIVE;
				CLANG_CXX_LANGUAGE_STANDARD = "gnu++14";
				CLANG_CXX_LIBRARY = "libc++";
				CLANG_ENABLE_MODULES = YES;
				CLANG_ENABLE_OBJC_ARC = YES;
				CLANG_ENABLE_OBJC_WEAK = YES;
				CLANG_WARN_BLOCK_CAPTURE_AUTORELEASING = YES;
				CLANG_WARN_BOOL_CONVERSION = YES;
				CLANG_WARN_COMMA = YES;
				CLANG_WARN_CONSTANT_CONVERSION = YES;
				CLANG_WARN_DEPRECATED_OBJC_IMPLEMENTATIONS = YES;
				CLANG_WARN_DIRECT_OBJC_ISA_USAGE = YES_ERROR;
				CLANG_WARN_DOCUMENTATION_COMMENTS = YES;
				CLANG_WARN_EMPTY_BODY = YES;
				CLANG_WARN_ENUM_CONVERSION = YES;
				CLANG_WARN_INFINITE_RECURSION = YES;
				CLANG_WARN_INT_CONVERSION = YES;
				CLANG_WARN_NON_LITERAL_NULL_CONVERSION = YES;
				CLANG_WARN_OBJC_IMPLICIT_RETAIN_SELF = YES;
				CLANG_WARN_OBJC_LITERAL_CONVERSION = YES;
				CLANG_WARN_OBJC_ROOT_CLASS = YES_ERROR;
				CLANG_WARN_RANGE_LOOP_ANALYSIS = YES;
				CLANG_WARN_STRICT_PROTOTYPES = YES;
				CLANG_WARN_SUSPICIOUS_MOVE = YES;
				CLANG_WARN_UNGUARDED_AVAILABILITY = YES_AGGRESSIVE;
				CLANG_WARN_UNREACHABLE_CODE = YES;
				CLANG_WARN__DUPLICATE_METHOD_MATCH = YES;
				CODE_SIGN_IDENTITY = "iPhone Developer";
				COPY_PHASE_STRIP = NO;
				DEBUG_INFORMATION_FORMAT = "dwarf-with-dsym";
				ENABLE_NS_ASSERTIONS = NO;
				ENABLE_STRICT_OBJC_MSGSEND = YES;
				GCC_C_LANGUAGE_STANDARD = gnu11;
				GCC_NO_COMMON_BLOCKS = YES;
				GCC_WARN_64_TO_32_BIT_CONVERSION = YES;
				GCC_WARN_ABOUT_RETURN_TYPE = YES_ERROR;
				GCC_WARN_UNDECLARED_SELECTOR = YES;
				GCC_WARN_UNINITIALIZED_AUTOS = YES_AGGRESSIVE;
				GCC_WARN_UNUSED_FUNCTION = YES;
				GCC_WARN_UNUSED_VARIABLE = YES;
				IPHONEOS_DEPLOYMENT_TARGET = 11.3;
				MTL_ENABLE_DEBUG_INFO = NO;
				SDKROOT = iphoneos;
				SWIFT_COMPILATION_MODE = wholemodule;
				SWIFT_OPTIMIZATION_LEVEL = "-O";
				VALIDATE_PRODUCT = YES;
			};
			name = Release;
		};
		CB21F9D22090E50600883572 /* Debug */ = {
			isa = XCBuildConfiguration;
			baseConfigurationReference = DA450290ECA764D9D4405C9F /* Pods-ToDoList.debug.xcconfig */;
			buildSettings = {
				ASSETCATALOG_COMPILER_APPICON_NAME = AppIcon;
				CODE_SIGN_STYLE = Automatic;
				DEVELOPMENT_TEAM = 4W35LN42CB;
				INFOPLIST_FILE = ToDoList/Info.plist;
				IPHONEOS_DEPLOYMENT_TARGET = 11.0;
				LD_RUNPATH_SEARCH_PATHS = (
					"$(inherited)",
					"@executable_path/Frameworks",
				);
				PRODUCT_BUNDLE_IDENTIFIER = LG.ToDoList;
				PRODUCT_NAME = "$(TARGET_NAME)";
				SWIFT_VERSION = 4.0;
				TARGETED_DEVICE_FAMILY = "1,2";
			};
			name = Debug;
		};
		CB21F9D32090E50600883572 /* Release */ = {
			isa = XCBuildConfiguration;
			baseConfigurationReference = EEAF912208C4303350EC8D67 /* Pods-ToDoList.release.xcconfig */;
			buildSettings = {
				ASSETCATALOG_COMPILER_APPICON_NAME = AppIcon;
				CODE_SIGN_STYLE = Automatic;
				DEVELOPMENT_TEAM = 4W35LN42CB;
				INFOPLIST_FILE = ToDoList/Info.plist;
				IPHONEOS_DEPLOYMENT_TARGET = 11.0;
				LD_RUNPATH_SEARCH_PATHS = (
					"$(inherited)",
					"@executable_path/Frameworks",
				);
				PRODUCT_BUNDLE_IDENTIFIER = LG.ToDoList;
				PRODUCT_NAME = "$(TARGET_NAME)";
				SWIFT_VERSION = 4.0;
				TARGETED_DEVICE_FAMILY = "1,2";
			};
			name = Release;
		};
/* End XCBuildConfiguration section */

/* Begin XCConfigurationList section */
		CB21F9BA2090E50300883572 /* Build configuration list for PBXProject "ToDoList" */ = {
			isa = XCConfigurationList;
			buildConfigurations = (
				CB21F9CF2090E50600883572 /* Debug */,
				CB21F9D02090E50600883572 /* Release */,
			);
			defaultConfigurationIsVisible = 0;
			defaultConfigurationName = Release;
		};
		CB21F9D12090E50600883572 /* Build configuration list for PBXNativeTarget "ToDoList" */ = {
			isa = XCConfigurationList;
			buildConfigurations = (
				CB21F9D22090E50600883572 /* Debug */,
				CB21F9D32090E50600883572 /* Release */,
			);
			defaultConfigurationIsVisible = 0;
			defaultConfigurationName = Release;
		};
/* End XCConfigurationList section */
	};
	rootObject = CB21F9B72090E50300883572 /* Project object */;
}
